// !$*UTF8*$!
{
	archiveVersion = 1;
	classes = {
	};
	objectVersion = 56;
	objects = {

/* Begin PBXBuildFile section */
		0D3911132BB459F200EB5E3D /* ImagePickerManager.swift in Sources */ = {isa = PBXBuildFile; fileRef = 0D3911122BB459F200EB5E3D /* ImagePickerManager.swift */; };
		0D3911152BB45F7000EB5E3D /* PhotoGalleryViewModel.swift in Sources */ = {isa = PBXBuildFile; fileRef = 0D3911142BB45F7000EB5E3D /* PhotoGalleryViewModel.swift */; };
		0D3911172BB45F7F00EB5E3D /* PhotoGalleryModel.swift in Sources */ = {isa = PBXBuildFile; fileRef = 0D3911162BB45F7F00EB5E3D /* PhotoGalleryModel.swift */; };
		0D4499302BB1E09500356856 /* AppDelegate.swift in Sources */ = {isa = PBXBuildFile; fileRef = 0D44992F2BB1E09500356856 /* AppDelegate.swift */; };
		0D4499322BB1E09500356856 /* SceneDelegate.swift in Sources */ = {isa = PBXBuildFile; fileRef = 0D4499312BB1E09500356856 /* SceneDelegate.swift */; };
		0D4499342BB1E09500356856 /* PhotoGalleryViewController.swift in Sources */ = {isa = PBXBuildFile; fileRef = 0D4499332BB1E09500356856 /* PhotoGalleryViewController.swift */; };
		0D4499392BB1E09600356856 /* Assets.xcassets in Resources */ = {isa = PBXBuildFile; fileRef = 0D4499382BB1E09600356856 /* Assets.xcassets */; };
		0D44993C2BB1E09600356856 /* LaunchScreen.storyboard in Resources */ = {isa = PBXBuildFile; fileRef = 0D44993A2BB1E09600356856 /* LaunchScreen.storyboard */; };
		0D4499442BB3534200356856 /* AppCoordinator.swift in Sources */ = {isa = PBXBuildFile; fileRef = 0D4499432BB3534200356856 /* AppCoordinator.swift */; };
		0D4499462BB3541500356856 /* SettingsViewController.swift in Sources */ = {isa = PBXBuildFile; fileRef = 0D4499452BB3541500356856 /* SettingsViewController.swift */; };
		0D4499482BB3543C00356856 /* SettingsViewModel.swift in Sources */ = {isa = PBXBuildFile; fileRef = 0D4499472BB3543C00356856 /* SettingsViewModel.swift */; };
		0D44994A2BB35A6A00356856 /* SettingsModel.swift in Sources */ = {isa = PBXBuildFile; fileRef = 0D4499492BB35A6A00356856 /* SettingsModel.swift */; };
/* End PBXBuildFile section */

/* Begin PBXFileReference section */
		0D3911122BB459F200EB5E3D /* ImagePickerManager.swift */ = {isa = PBXFileReference; lastKnownFileType = sourcecode.swift; path = ImagePickerManager.swift; sourceTree = "<group>"; };
		0D3911142BB45F7000EB5E3D /* PhotoGalleryViewModel.swift */ = {isa = PBXFileReference; lastKnownFileType = sourcecode.swift; path = PhotoGalleryViewModel.swift; sourceTree = "<group>"; };
		0D3911162BB45F7F00EB5E3D /* PhotoGalleryModel.swift */ = {isa = PBXFileReference; lastKnownFileType = sourcecode.swift; path = PhotoGalleryModel.swift; sourceTree = "<group>"; };
		0D44992C2BB1E09500356856 /* testHA.app */ = {isa = PBXFileReference; explicitFileType = wrapper.application; includeInIndex = 0; path = testHA.app; sourceTree = BUILT_PRODUCTS_DIR; };
		0D44992F2BB1E09500356856 /* AppDelegate.swift */ = {isa = PBXFileReference; lastKnownFileType = sourcecode.swift; path = AppDelegate.swift; sourceTree = "<group>"; };
		0D4499312BB1E09500356856 /* SceneDelegate.swift */ = {isa = PBXFileReference; lastKnownFileType = sourcecode.swift; path = SceneDelegate.swift; sourceTree = "<group>"; };
		0D4499332BB1E09500356856 /* PhotoGalleryViewController.swift */ = {isa = PBXFileReference; lastKnownFileType = sourcecode.swift; path = PhotoGalleryViewController.swift; sourceTree = "<group>"; };
		0D4499382BB1E09600356856 /* Assets.xcassets */ = {isa = PBXFileReference; lastKnownFileType = folder.assetcatalog; path = Assets.xcassets; sourceTree = "<group>"; };
		0D44993B2BB1E09600356856 /* Base */ = {isa = PBXFileReference; lastKnownFileType = file.storyboard; name = Base; path = Base.lproj/LaunchScreen.storyboard; sourceTree = "<group>"; };
		0D44993D2BB1E09600356856 /* Info.plist */ = {isa = PBXFileReference; lastKnownFileType = text.plist.xml; path = Info.plist; sourceTree = "<group>"; };
		0D4499432BB3534200356856 /* AppCoordinator.swift */ = {isa = PBXFileReference; lastKnownFileType = sourcecode.swift; path = AppCoordinator.swift; sourceTree = "<group>"; };
		0D4499452BB3541500356856 /* SettingsViewController.swift */ = {isa = PBXFileReference; lastKnownFileType = sourcecode.swift; path = SettingsViewController.swift; sourceTree = "<group>"; };
		0D4499472BB3543C00356856 /* SettingsViewModel.swift */ = {isa = PBXFileReference; lastKnownFileType = sourcecode.swift; path = SettingsViewModel.swift; sourceTree = "<group>"; };
		0D4499492BB35A6A00356856 /* SettingsModel.swift */ = {isa = PBXFileReference; lastKnownFileType = sourcecode.swift; path = SettingsModel.swift; sourceTree = "<group>"; };
/* End PBXFileReference section */

/* Begin PBXFrameworksBuildPhase section */
		0D4499292BB1E09500356856 /* Frameworks */ = {
			isa = PBXFrameworksBuildPhase;
			buildActionMask = 2147483647;
			files = (
			);
			runOnlyForDeploymentPostprocessing = 0;
		};
/* End PBXFrameworksBuildPhase section */

/* Begin PBXGroup section */
		0D3911182BB45FD700EB5E3D /* PhotoGalleryModule */ = {
			isa = PBXGroup;
			children = (
				0D4499332BB1E09500356856 /* PhotoGalleryViewController.swift */,
				0D3911142BB45F7000EB5E3D /* PhotoGalleryViewModel.swift */,
				0D3911162BB45F7F00EB5E3D /* PhotoGalleryModel.swift */,
			);
			path = PhotoGalleryModule;
			sourceTree = "<group>";
		};
		0D3911192BB45FEA00EB5E3D /* SettingsModule */ = {
			isa = PBXGroup;
			children = (
				0D4499452BB3541500356856 /* SettingsViewController.swift */,
				0D4499472BB3543C00356856 /* SettingsViewModel.swift */,
				0D4499492BB35A6A00356856 /* SettingsModel.swift */,
			);
			path = SettingsModule;
			sourceTree = "<group>";
		};
		0D39111A2BB4626300EB5E3D /* Managers */ = {
			isa = PBXGroup;
			children = (
				0D3911122BB459F200EB5E3D /* ImagePickerManager.swift */,
			);
			path = Managers;
			sourceTree = "<group>";
		};
		0D4499232BB1E09500356856 = {
			isa = PBXGroup;
			children = (
				0D44992E2BB1E09500356856 /* testHA */,
				0D44992D2BB1E09500356856 /* Products */,
			);
			sourceTree = "<group>";
		};
		0D44992D2BB1E09500356856 /* Products */ = {
			isa = PBXGroup;
			children = (
				0D44992C2BB1E09500356856 /* testHA.app */,
			);
			name = Products;
			sourceTree = "<group>";
		};
		0D44992E2BB1E09500356856 /* testHA */ = {
			isa = PBXGroup;
			children = (
				0D44992F2BB1E09500356856 /* AppDelegate.swift */,
				0D4499312BB1E09500356856 /* SceneDelegate.swift */,
				0D4499432BB3534200356856 /* AppCoordinator.swift */,
				0D3911182BB45FD700EB5E3D /* PhotoGalleryModule */,
				0D3911192BB45FEA00EB5E3D /* SettingsModule */,
				0D39111A2BB4626300EB5E3D /* Managers */,
				0D4499382BB1E09600356856 /* Assets.xcassets */,
				0D44993A2BB1E09600356856 /* LaunchScreen.storyboard */,
				0D44993D2BB1E09600356856 /* Info.plist */,
			);
			path = testHA;
			sourceTree = "<group>";
		};
/* End PBXGroup section */

/* Begin PBXNativeTarget section */
		0D44992B2BB1E09500356856 /* testHA */ = {
			isa = PBXNativeTarget;
			buildConfigurationList = 0D4499402BB1E09600356856 /* Build configuration list for PBXNativeTarget "testHA" */;
			buildPhases = (
				0D4499282BB1E09500356856 /* Sources */,
				0D4499292BB1E09500356856 /* Frameworks */,
				0D44992A2BB1E09500356856 /* Resources */,
			);
			buildRules = (
			);
			dependencies = (
			);
			name = testHA;
			productName = testHA;
			productReference = 0D44992C2BB1E09500356856 /* testHA.app */;
			productType = "com.apple.product-type.application";
		};
/* End PBXNativeTarget section */

/* Begin PBXProject section */
		0D4499242BB1E09500356856 /* Project object */ = {
			isa = PBXProject;
			attributes = {
				BuildIndependentTargetsInParallel = 1;
				LastSwiftUpdateCheck = 1520;
				LastUpgradeCheck = 1520;
				TargetAttributes = {
					0D44992B2BB1E09500356856 = {
						CreatedOnToolsVersion = 15.2;
					};
				};
			};
			buildConfigurationList = 0D4499272BB1E09500356856 /* Build configuration list for PBXProject "testHA" */;
			compatibilityVersion = "Xcode 14.0";
			developmentRegion = en;
			hasScannedForEncodings = 0;
			knownRegions = (
				en,
				Base,
			);
			mainGroup = 0D4499232BB1E09500356856;
			productRefGroup = 0D44992D2BB1E09500356856 /* Products */;
			projectDirPath = "";
			projectRoot = "";
			targets = (
				0D44992B2BB1E09500356856 /* testHA */,
			);
		};
/* End PBXProject section */

/* Begin PBXResourcesBuildPhase section */
		0D44992A2BB1E09500356856 /* Resources */ = {
			isa = PBXResourcesBuildPhase;
			buildActionMask = 2147483647;
			files = (
				0D44993C2BB1E09600356856 /* LaunchScreen.storyboard in Resources */,
				0D4499392BB1E09600356856 /* Assets.xcassets in Resources */,
			);
			runOnlyForDeploymentPostprocessing = 0;
		};
/* End PBXResourcesBuildPhase section */

/* Begin PBXSourcesBuildPhase section */
		0D4499282BB1E09500356856 /* Sources */ = {
			isa = PBXSourcesBuildPhase;
			buildActionMask = 2147483647;
			files = (
				0D4499342BB1E09500356856 /* PhotoGalleryViewController.swift in Sources */,
				0D4499302BB1E09500356856 /* AppDelegate.swift in Sources */,
				0D4499442BB3534200356856 /* AppCoordinator.swift in Sources */,
				0D4499462BB3541500356856 /* SettingsViewController.swift in Sources */,
				0D3911152BB45F7000EB5E3D /* PhotoGalleryViewModel.swift in Sources */,
				0D4499322BB1E09500356856 /* SceneDelegate.swift in Sources */,
				0D4499482BB3543C00356856 /* SettingsViewModel.swift in Sources */,
				0D44994A2BB35A6A00356856 /* SettingsModel.swift in Sources */,
				0D3911132BB459F200EB5E3D /* ImagePickerManager.swift in Sources */,
				0D3911172BB45F7F00EB5E3D /* PhotoGalleryModel.swift in Sources */,
			);
			runOnlyForDeploymentPostprocessing = 0;
		};
/* End PBXSourcesBuildPhase section */

/* Begin PBXVariantGroup section */
		0D44993A2BB1E09600356856 /* LaunchScreen.storyboard */ = {
			isa = PBXVariantGroup;
			children = (
				0D44993B2BB1E09600356856 /* Base */,
			);
			name = LaunchScreen.storyboard;
			sourceTree = "<group>";
		};
/* End PBXVariantGroup section */

/* Begin XCBuildConfiguration section */
		0D44993E2BB1E09600356856 /* Debug */ = {
			isa = XCBuildConfiguration;
			buildSettings = {
				ALWAYS_SEARCH_USER_PATHS = NO;
				ASSETCATALOG_COMPILER_GENERATE_SWIFT_ASSET_SYMBOL_EXTENSIONS = YES;
				CLANG_ANALYZER_NONNULL = YES;
				CLANG_ANALYZER_NUMBER_OBJECT_CONVERSION = YES_AGGRESSIVE;
				CLANG_CXX_LANGUAGE_STANDARD = "gnu++20";
				CLANG_ENABLE_MODULES = YES;
				CLANG_ENABLE_OBJC_ARC = YES;
				CLANG_ENABLE_OBJC_WEAK = YES;
				CLANG_WARN_BLOCK_CAPTURE_AUTORELEASING = YES;
				CLANG_WARN_BOOL_CONVERSION = YES;
				CLANG_WARN_COMMA = YES;
				CLANG_WARN_CONSTANT_CONVERSION = YES;
				CLANG_WARN_DEPRECATED_OBJC_IMPLEMENTATIONS = YES;
				CLANG_WARN_DIRECT_OBJC_ISA_USAGE = YES_ERROR;
				CLANG_WARN_DOCUMENTATION_COMMENTS = YES;
				CLANG_WARN_EMPTY_BODY = YES;
				CLANG_WARN_ENUM_CONVERSION = YES;
				CLANG_WARN_INFINITE_RECURSION = YES;
				CLANG_WARN_INT_CONVERSION = YES;
				CLANG_WARN_NON_LITERAL_NULL_CONVERSION = YES;
				CLANG_WARN_OBJC_IMPLICIT_RETAIN_SELF = YES;
				CLANG_WARN_OBJC_LITERAL_CONVERSION = YES;
				CLANG_WARN_OBJC_ROOT_CLASS = YES_ERROR;
				CLANG_WARN_QUOTED_INCLUDE_IN_FRAMEWORK_HEADER = YES;
				CLANG_WARN_RANGE_LOOP_ANALYSIS = YES;
				CLANG_WARN_STRICT_PROTOTYPES = YES;
				CLANG_WARN_SUSPICIOUS_MOVE = YES;
				CLANG_WARN_UNGUARDED_AVAILABILITY = YES_AGGRESSIVE;
				CLANG_WARN_UNREACHABLE_CODE = YES;
				CLANG_WARN__DUPLICATE_METHOD_MATCH = YES;
				COPY_PHASE_STRIP = NO;
				DEBUG_INFORMATION_FORMAT = dwarf;
				ENABLE_STRICT_OBJC_MSGSEND = YES;
				ENABLE_TESTABILITY = YES;
				ENABLE_USER_SCRIPT_SANDBOXING = YES;
				GCC_C_LANGUAGE_STANDARD = gnu17;
				GCC_DYNAMIC_NO_PIC = NO;
				GCC_NO_COMMON_BLOCKS = YES;
				GCC_OPTIMIZATION_LEVEL = 0;
				GCC_PREPROCESSOR_DEFINITIONS = (
					"DEBUG=1",
					"$(inherited)",
				);
				GCC_WARN_64_TO_32_BIT_CONVERSION = YES;
				GCC_WARN_ABOUT_RETURN_TYPE = YES_ERROR;
				GCC_WARN_UNDECLARED_SELECTOR = YES;
				GCC_WARN_UNINITIALIZED_AUTOS = YES_AGGRESSIVE;
				GCC_WARN_UNUSED_FUNCTION = YES;
				GCC_WARN_UNUSED_VARIABLE = YES;
				IPHONEOS_DEPLOYMENT_TARGET = 17.2;
				LOCALIZATION_PREFERS_STRING_CATALOGS = YES;
				MTL_ENABLE_DEBUG_INFO = INCLUDE_SOURCE;
				MTL_FAST_MATH = YES;
				ONLY_ACTIVE_ARCH = YES;
				SDKROOT = iphoneos;
				SWIFT_ACTIVE_COMPILATION_CONDITIONS = "DEBUG $(inherited)";
				SWIFT_OPTIMIZATION_LEVEL = "-Onone";
			};
			name = Debug;
		};
		0D44993F2BB1E09600356856 /* Release */ = {
			isa = XCBuildConfiguration;
			buildSettings = {
				ALWAYS_SEARCH_USER_PATHS = NO;
				ASSETCATALOG_COMPILER_GENERATE_SWIFT_ASSET_SYMBOL_EXTENSIONS = YES;
				CLANG_ANALYZER_NONNULL = YES;
				CLANG_ANALYZER_NUMBER_OBJECT_CONVERSION = YES_AGGRESSIVE;
				CLANG_CXX_LANGUAGE_STANDARD = "gnu++20";
				CLANG_ENABLE_MODULES = YES;
				CLANG_ENABLE_OBJC_ARC = YES;
				CLANG_ENABLE_OBJC_WEAK = YES;
				CLANG_WARN_BLOCK_CAPTURE_AUTORELEASING = YES;
				CLANG_WARN_BOOL_CONVERSION = YES;
				CLANG_WARN_COMMA = YES;
				CLANG_WARN_CONSTANT_CONVERSION = YES;
				CLANG_WARN_DEPRECATED_OBJC_IMPLEMENTATIONS = YES;
				CLANG_WARN_DIRECT_OBJC_ISA_USAGE = YES_ERROR;
				CLANG_WARN_DOCUMENTATION_COMMENTS = YES;
				CLANG_WARN_EMPTY_BODY = YES;
				CLANG_WARN_ENUM_CONVERSION = YES;
				CLANG_WARN_INFINITE_RECURSION = YES;
				CLANG_WARN_INT_CONVERSION = YES;
				CLANG_WARN_NON_LITERAL_NULL_CONVERSION = YES;
				CLANG_WARN_OBJC_IMPLICIT_RETAIN_SELF = YES;
				CLANG_WARN_OBJC_LITERAL_CONVERSION = YES;
				CLANG_WARN_OBJC_ROOT_CLASS = YES_ERROR;
				CLANG_WARN_QUOTED_INCLUDE_IN_FRAMEWORK_HEADER = YES;
				CLANG_WARN_RANGE_LOOP_ANALYSIS = YES;
				CLANG_WARN_STRICT_PROTOTYPES = YES;
				CLANG_WARN_SUSPICIOUS_MOVE = YES;
				CLANG_WARN_UNGUARDED_AVAILABILITY = YES_AGGRESSIVE;
				CLANG_WARN_UNREACHABLE_CODE = YES;
				CLANG_WARN__DUPLICATE_METHOD_MATCH = YES;
				COPY_PHASE_STRIP = NO;
				DEBUG_INFORMATION_FORMAT = "dwarf-with-dsym";
				ENABLE_NS_ASSERTIONS = NO;
				ENABLE_STRICT_OBJC_MSGSEND = YES;
				ENABLE_USER_SCRIPT_SANDBOXING = YES;
				GCC_C_LANGUAGE_STANDARD = gnu17;
				GCC_NO_COMMON_BLOCKS = YES;
				GCC_WARN_64_TO_32_BIT_CONVERSION = YES;
				GCC_WARN_ABOUT_RETURN_TYPE = YES_ERROR;
				GCC_WARN_UNDECLARED_SELECTOR = YES;
				GCC_WARN_UNINITIALIZED_AUTOS = YES_AGGRESSIVE;
				GCC_WARN_UNUSED_FUNCTION = YES;
				GCC_WARN_UNUSED_VARIABLE = YES;
				IPHONEOS_DEPLOYMENT_TARGET = 17.2;
				LOCALIZATION_PREFERS_STRING_CATALOGS = YES;
				MTL_ENABLE_DEBUG_INFO = NO;
				MTL_FAST_MATH = YES;
				SDKROOT = iphoneos;
				SWIFT_COMPILATION_MODE = wholemodule;
				VALIDATE_PRODUCT = YES;
			};
			name = Release;
		};
		0D4499412BB1E09600356856 /* Debug */ = {
			isa = XCBuildConfiguration;
			buildSettings = {
				ASSETCATALOG_COMPILER_APPICON_NAME = AppIcon;
				ASSETCATALOG_COMPILER_GLOBAL_ACCENT_COLOR_NAME = AccentColor;
				CODE_SIGN_STYLE = Automatic;
				CURRENT_PROJECT_VERSION = 1;
				GENERATE_INFOPLIST_FILE = YES;
				INFOPLIST_FILE = testHA/Info.plist;
				INFOPLIST_KEY_NSCameraUsageDescription = "Allows user to capture a photo or video to upload to their family circle";
				INFOPLIST_KEY_NSPhotoLibraryUsageDescription = "This app requires access to the photo library.<";
				INFOPLIST_KEY_UIApplicationSupportsIndirectInputEvents = YES;
				INFOPLIST_KEY_UILaunchStoryboardName = LaunchScreen;
				INFOPLIST_KEY_UISupportedInterfaceOrientations = "UIInterfaceOrientationPortrait UIInterfaceOrientationPortraitUpsideDown";
				LD_RUNPATH_SEARCH_PATHS = (
					"$(inherited)",
					"@executable_path/Frameworks",
				);
				MARKETING_VERSION = 1.0;
				PRODUCT_BUNDLE_IDENTIFIER = ru.personal.test.testHA;
				PRODUCT_NAME = "$(TARGET_NAME)";
				SWIFT_EMIT_LOC_STRINGS = YES;
				SWIFT_VERSION = 5.0;
				TARGETED_DEVICE_FAMILY = "1,2";
			};
			name = Debug;
		};
		0D4499422BB1E09600356856 /* Release */ = {
			isa = XCBuildConfiguration;
			buildSettings = {
				ASSETCATALOG_COMPILER_APPICON_NAME = AppIcon;
				ASSETCATALOG_COMPILER_GLOBAL_ACCENT_COLOR_NAME = AccentColor;
				CODE_SIGN_STYLE = Automatic;
				CURRENT_PROJECT_VERSION = 1;
				GENERATE_INFOPLIST_FILE = YES;
				INFOPLIST_FILE = testHA/Info.plist;
				INFOPLIST_KEY_NSCameraUsageDescription = "Allows user to capture a photo or video to upload to their family circle";
				INFOPLIST_KEY_NSPhotoLibraryUsageDescription = "This app requires access to the photo library.<";
				INFOPLIST_KEY_UIApplicationSupportsIndirectInputEvents = YES;
				INFOPLIST_KEY_UILaunchStoryboardName = LaunchScreen;
				INFOPLIST_KEY_UISupportedInterfaceOrientations = "UIInterfaceOrientationPortrait UIInterfaceOrientationPortraitUpsideDown";
				LD_RUNPATH_SEARCH_PATHS = (
					"$(inherited)",
					"@executable_path/Frameworks",
				);
				MARKETING_VERSION = 1.0;
				PRODUCT_BUNDLE_IDENTIFIER = ru.personal.test.testHA;
				PRODUCT_NAME = "$(TARGET_NAME)";
				SWIFT_EMIT_LOC_STRINGS = YES;
				SWIFT_VERSION = 5.0;
				TARGETED_DEVICE_FAMILY = "1,2";
			};
			name = Release;
		};
/* End XCBuildConfiguration section */

/* Begin XCConfigurationList section */
		0D4499272BB1E09500356856 /* Build configuration list for PBXProject "testHA" */ = {
			isa = XCConfigurationList;
			buildConfigurations = (
				0D44993E2BB1E09600356856 /* Debug */,
				0D44993F2BB1E09600356856 /* Release */,
			);
			defaultConfigurationIsVisible = 0;
			defaultConfigurationName = Release;
		};
		0D4499402BB1E09600356856 /* Build configuration list for PBXNativeTarget "testHA" */ = {
			isa = XCConfigurationList;
			buildConfigurations = (
				0D4499412BB1E09600356856 /* Debug */,
				0D4499422BB1E09600356856 /* Release */,
			);
			defaultConfigurationIsVisible = 0;
			defaultConfigurationName = Release;
		};
/* End XCConfigurationList section */
	};
	rootObject = 0D4499242BB1E09500356856 /* Project object */;
}
